
Microsoft Visual Studio Solution File, Format Version 12.00
# Visual Studio Version 17
VisualStudioVersion = 17.10.34916.146
MinimumVisualStudioVersion = 10.0.40219.1
Project("{FAE04EC0-301F-11D3-BF4B-00C04F79EFBC}") = "RusRostPashAnt", "RusRostPashAnt.csproj", "{34449AC1-700C-44B2-9425-BF0FDA9D710C}"
EndProject
Global
	GlobalSection(SolutionConfigurationPlatforms) = preSolution
		Debug|Any CPU = Debug|Any CPU
		Release|Any CPU = Release|Any CPU
	EndGlobalSection
	GlobalSection(ProjectConfigurationPlatforms) = postSolution
		{34449AC1-700C-44B2-9425-BF0FDA9D710C}.Debug|Any CPU.ActiveCfg = Debug|Any CPU
		{34449AC1-700C-44B2-9425-BF0FDA9D710C}.Debug|Any CPU.Build.0 = Debug|Any CPU
		{34449AC1-700C-44B2-9425-BF0FDA9D710C}.Release|Any CPU.ActiveCfg = Release|Any CPU
		{34449AC1-700C-44B2-9425-BF0FDA9D710C}.Release|Any CPU.Build.0 = Release|Any CPU
	EndGlobalSection
	GlobalSection(SolutionProperties) = preSolution
		HideSolutionNode = FALSE
	EndGlobalSection
	GlobalSection(ExtensibilityGlobals) = postSolution
		SolutionGuid = {C9C1D761-D6C9-4788-BB1D-56FBB17044E6}
	EndGlobalSection
EndGlobal
